
Microsoft Visual Studio Solution File, Format Version 12.00
# Visual Studio 2013
VisualStudioVersion = 12.0.21005.1
MinimumVisualStudioVersion = 10.0.40219.1
Project("{8BC9CEB8-8B4A-11D0-8D11-00A0C91BC942}") = "Rc4Lib", "Rc4Lib\Rc4Lib.vcxproj", "{A682D35E-598D-4291-9043-C60E75CF4352}"
EndProject
Project("{8BC9CEB8-8B4A-11D0-8D11-00A0C91BC942}") = "Metrics", "Metrics\Metrics.vcxproj", "{2A34C4E5-8FAC-4556-984B-C84C401195A6}"
EndProject
Global
	GlobalSection(SolutionConfigurationPlatforms) = preSolution
		Debug|Win32 = Debug|Win32
		Release|Win32 = Release|Win32
	EndGlobalSection
	GlobalSection(ProjectConfigurationPlatforms) = postSolution
		{A682D35E-598D-4291-9043-C60E75CF4352}.Debug|Win32.ActiveCfg = Debug|Win32
		{A682D35E-598D-4291-9043-C60E75CF4352}.Debug|Win32.Build.0 = Debug|Win32
		{A682D35E-598D-4291-9043-C60E75CF4352}.Release|Win32.ActiveCfg = Release|Win32
		{A682D35E-598D-4291-9043-C60E75CF4352}.Release|Win32.Build.0 = Release|Win32
		{2A34C4E5-8FAC-4556-984B-C84C401195A6}.Debug|Win32.ActiveCfg = Debug|Win32
		{2A34C4E5-8FAC-4556-984B-C84C401195A6}.Debug|Win32.Build.0 = Debug|Win32
		{2A34C4E5-8FAC-4556-984B-C84C401195A6}.Release|Win32.ActiveCfg = Release|Win32
		{2A34C4E5-8FAC-4556-984B-C84C401195A6}.Release|Win32.Build.0 = Release|Win32
	EndGlobalSection
	GlobalSection(SolutionProperties) = preSolution
		HideSolutionNode = FALSE
	EndGlobalSection
	GlobalSection(Performance) = preSolution
		HasPerformanceSessions = true
	EndGlobalSection
EndGlobal
